
Microsoft Visual Studio Solution File, Format Version 12.00
# Visual Studio Version 17
VisualStudioVersion = 17.2.32526.322
MinimumVisualStudioVersion = 10.0.40219.1
Project("{FAE04EC0-301F-11D3-BF4B-00C04F79EFBC}") = "nugettest", "nugettest.csproj", "{BAB54B5D-B27E-4843-B259-048BC673CC14}"
EndProject
Global
	GlobalSection(SolutionConfigurationPlatforms) = preSolution
		Debug|Any CPU = Debug|Any CPU
		Release|Any CPU = Release|Any CPU
	EndGlobalSection
	GlobalSection(ProjectConfigurationPlatforms) = postSolution
		{BAB54B5D-B27E-4843-B259-048BC673CC14}.Debug|Any CPU.ActiveCfg = Debug|Any CPU
		{BAB54B5D-B27E-4843-B259-048BC673CC14}.Debug|Any CPU.Build.0 = Debug|Any CPU
		{BAB54B5D-B27E-4843-B259-048BC673CC14}.Release|Any CPU.ActiveCfg = Release|Any CPU
		{BAB54B5D-B27E-4843-B259-048BC673CC14}.Release|Any CPU.Build.0 = Release|Any CPU
	EndGlobalSection
	GlobalSection(SolutionProperties) = preSolution
		HideSolutionNode = FALSE
	EndGlobalSection
	GlobalSection(ExtensibilityGlobals) = postSolution
		SolutionGuid = {79E126E8-C278-4F6D-8FC8-F678747668EC}
	EndGlobalSection
EndGlobal
